
Microsoft Visual Studio Solution File, Format Version 12.00
# Visual Studio Version 16
VisualStudioVersion = 16.0.31321.278
MinimumVisualStudioVersion = 10.0.40219.1
Project("{FAE04EC0-301F-11D3-BF4B-00C04F79EFBC}") = "Ege Browser", "Ege Browser\Ege Browser.csproj", "{6BF1F2DC-7287-4021-A9D7-DF20728D5BF9}"
EndProject
Global
	GlobalSection(SolutionConfigurationPlatforms) = preSolution
		Debug|Any CPU = Debug|Any CPU
		Release|Any CPU = Release|Any CPU
	EndGlobalSection
	GlobalSection(ProjectConfigurationPlatforms) = postSolution
		{6BF1F2DC-7287-4021-A9D7-DF20728D5BF9}.Debug|Any CPU.ActiveCfg = Debug|Any CPU
		{6BF1F2DC-7287-4021-A9D7-DF20728D5BF9}.Debug|Any CPU.Build.0 = Debug|Any CPU
		{6BF1F2DC-7287-4021-A9D7-DF20728D5BF9}.Release|Any CPU.ActiveCfg = Release|Any CPU
		{6BF1F2DC-7287-4021-A9D7-DF20728D5BF9}.Release|Any CPU.Build.0 = Release|Any CPU
	EndGlobalSection
	GlobalSection(SolutionProperties) = preSolution
		HideSolutionNode = FALSE
	EndGlobalSection
	GlobalSection(ExtensibilityGlobals) = postSolution
		SolutionGuid = {34264BCD-2831-47D7-AD6B-28C8679476A6}
	EndGlobalSection
EndGlobal
